
Microsoft Visual Studio Solution File, Format Version 12.00
# Visual Studio Version 16
VisualStudioVersion = 16.0.29209.62
MinimumVisualStudioVersion = 10.0.40219.1
Project("{FAE04EC0-301F-11D3-BF4B-00C04F79EFBC}") = "Skobki", "Skobki\Skobki.csproj", "{B44E32A6-1D82-4B72-9497-91DA3A31F205}"
EndProject
Global
	GlobalSection(SolutionConfigurationPlatforms) = preSolution
		Debug|Any CPU = Debug|Any CPU
		Release|Any CPU = Release|Any CPU
	EndGlobalSection
	GlobalSection(ProjectConfigurationPlatforms) = postSolution
		{B44E32A6-1D82-4B72-9497-91DA3A31F205}.Debug|Any CPU.ActiveCfg = Debug|Any CPU
		{B44E32A6-1D82-4B72-9497-91DA3A31F205}.Debug|Any CPU.Build.0 = Debug|Any CPU
		{B44E32A6-1D82-4B72-9497-91DA3A31F205}.Release|Any CPU.ActiveCfg = Release|Any CPU
		{B44E32A6-1D82-4B72-9497-91DA3A31F205}.Release|Any CPU.Build.0 = Release|Any CPU
	EndGlobalSection
	GlobalSection(SolutionProperties) = preSolution
		HideSolutionNode = FALSE
	EndGlobalSection
	GlobalSection(ExtensibilityGlobals) = postSolution
		SolutionGuid = {14AF1651-F146-4016-B858-5DA721C9C96D}
	EndGlobalSection
EndGlobal
